
Microsoft Visual Studio Solution File, Format Version 12.00
# Visual Studio Version 16
VisualStudioVersion = 16.0.31313.79
MinimumVisualStudioVersion = 10.0.40219.1
Project("{2150E333-8FDC-42A3-9474-1A3956D46DE8}") = "Common", "Common", "{A4FED45A-E056-411A-AA09-892854932E27}"
EndProject
Project("{2150E333-8FDC-42A3-9474-1A3956D46DE8}") = "Services", "Services", "{4E886EC2-0E52-4701-8F1A-C82BEAE293FC}"
EndProject
Project("{2150E333-8FDC-42A3-9474-1A3956D46DE8}") = "UI", "UI", "{70218493-8485-4950-83A9-48DC8256543B}"
EndProject
Project("{9A19103F-16F7-4668-BE54-9A1E7A4F7556}") = "WebStore.Domain", "Common\WebStore.Domain\WebStore.Domain.csproj", "{F3AB600D-66F4-4687-9398-9A4636538635}"
EndProject
Project("{9A19103F-16F7-4668-BE54-9A1E7A4F7556}") = "WebStore.DAL", "Services\WebStore.DAL\WebStore.DAL.csproj", "{272EC5F4-8173-4F34-A197-67DDCB61F725}"
EndProject
Project("{9A19103F-16F7-4668-BE54-9A1E7A4F7556}") = "WebStore.DAL.Sqlite", "Services\WebStore.DAL.Sqlite\WebStore.DAL.Sqlite.csproj", "{C1BB4FB4-C211-45CF-AE48-FE18B9496134}"
EndProject
Project("{9A19103F-16F7-4668-BE54-9A1E7A4F7556}") = "WebStore", "UI\WebStore\WebStore.csproj", "{CEB26978-2ED4-4458-9C71-802B36AB58FF}"
EndProject
Project("{9A19103F-16F7-4668-BE54-9A1E7A4F7556}") = "WebStore.Interfaces", "Services\WebStore.Interfaces\WebStore.Interfaces.csproj", "{4B3C4DB8-5824-438E-A1B9-5FD7B31C4DA2}"
EndProject
Project("{9A19103F-16F7-4668-BE54-9A1E7A4F7556}") = "Webstore.Services", "Services\Webstore.Services\Webstore.Services.csproj", "{4BD3BC52-584B-4ED1-A80F-F5A2AC92F96C}"
EndProject
Project("{FAE04EC0-301F-11D3-BF4B-00C04F79EFBC}") = "WebStore.WebAPI", "Services\WebStore.WebAPI\WebStore.WebAPI.csproj", "{6A700488-22DF-47FF-B498-D9704A83638B}"
EndProject
Project("{FAE04EC0-301F-11D3-BF4B-00C04F79EFBC}") = "WebStore.WebAPI.Clients", "Services\WebStore.WebAPI.Clients\WebStore.WebAPI.Clients.csproj", "{8D0C764C-DCF1-429D-9C76-AC0B41E69C9A}"
EndProject
Global
	GlobalSection(SolutionConfigurationPlatforms) = preSolution
		Debug|Any CPU = Debug|Any CPU
		Release|Any CPU = Release|Any CPU
	EndGlobalSection
	GlobalSection(ProjectConfigurationPlatforms) = postSolution
		{F3AB600D-66F4-4687-9398-9A4636538635}.Debug|Any CPU.ActiveCfg = Debug|Any CPU
		{F3AB600D-66F4-4687-9398-9A4636538635}.Debug|Any CPU.Build.0 = Debug|Any CPU
		{F3AB600D-66F4-4687-9398-9A4636538635}.Release|Any CPU.ActiveCfg = Release|Any CPU
		{F3AB600D-66F4-4687-9398-9A4636538635}.Release|Any CPU.Build.0 = Release|Any CPU
		{272EC5F4-8173-4F34-A197-67DDCB61F725}.Debug|Any CPU.ActiveCfg = Debug|Any CPU
		{272EC5F4-8173-4F34-A197-67DDCB61F725}.Debug|Any CPU.Build.0 = Debug|Any CPU
		{272EC5F4-8173-4F34-A197-67DDCB61F725}.Release|Any CPU.ActiveCfg = Release|Any CPU
		{272EC5F4-8173-4F34-A197-67DDCB61F725}.Release|Any CPU.Build.0 = Release|Any CPU
		{C1BB4FB4-C211-45CF-AE48-FE18B9496134}.Debug|Any CPU.ActiveCfg = Debug|Any CPU
		{C1BB4FB4-C211-45CF-AE48-FE18B9496134}.Debug|Any CPU.Build.0 = Debug|Any CPU
		{C1BB4FB4-C211-45CF-AE48-FE18B9496134}.Release|Any CPU.ActiveCfg = Release|Any CPU
		{C1BB4FB4-C211-45CF-AE48-FE18B9496134}.Release|Any CPU.Build.0 = Release|Any CPU
		{CEB26978-2ED4-4458-9C71-802B36AB58FF}.Debug|Any CPU.ActiveCfg = Debug|Any CPU
		{CEB26978-2ED4-4458-9C71-802B36AB58FF}.Debug|Any CPU.Build.0 = Debug|Any CPU
		{CEB26978-2ED4-4458-9C71-802B36AB58FF}.Release|Any CPU.ActiveCfg = Release|Any CPU
		{CEB26978-2ED4-4458-9C71-802B36AB58FF}.Release|Any CPU.Build.0 = Release|Any CPU
		{4B3C4DB8-5824-438E-A1B9-5FD7B31C4DA2}.Debug|Any CPU.ActiveCfg = Debug|Any CPU
		{4B3C4DB8-5824-438E-A1B9-5FD7B31C4DA2}.Debug|Any CPU.Build.0 = Debug|Any CPU
		{4B3C4DB8-5824-438E-A1B9-5FD7B31C4DA2}.Release|Any CPU.ActiveCfg = Release|Any CPU
		{4B3C4DB8-5824-438E-A1B9-5FD7B31C4DA2}.Release|Any CPU.Build.0 = Release|Any CPU
		{4BD3BC52-584B-4ED1-A80F-F5A2AC92F96C}.Debug|Any CPU.ActiveCfg = Debug|Any CPU
		{4BD3BC52-584B-4ED1-A80F-F5A2AC92F96C}.Debug|Any CPU.Build.0 = Debug|Any CPU
		{4BD3BC52-584B-4ED1-A80F-F5A2AC92F96C}.Release|Any CPU.ActiveCfg = Release|Any CPU
		{4BD3BC52-584B-4ED1-A80F-F5A2AC92F96C}.Release|Any CPU.Build.0 = Release|Any CPU
		{6A700488-22DF-47FF-B498-D9704A83638B}.Debug|Any CPU.ActiveCfg = Debug|Any CPU
		{6A700488-22DF-47FF-B498-D9704A83638B}.Debug|Any CPU.Build.0 = Debug|Any CPU
		{6A700488-22DF-47FF-B498-D9704A83638B}.Release|Any CPU.ActiveCfg = Release|Any CPU
		{6A700488-22DF-47FF-B498-D9704A83638B}.Release|Any CPU.Build.0 = Release|Any CPU
		{8D0C764C-DCF1-429D-9C76-AC0B41E69C9A}.Debug|Any CPU.ActiveCfg = Debug|Any CPU
		{8D0C764C-DCF1-429D-9C76-AC0B41E69C9A}.Debug|Any CPU.Build.0 = Debug|Any CPU
		{8D0C764C-DCF1-429D-9C76-AC0B41E69C9A}.Release|Any CPU.ActiveCfg = Release|Any CPU
		{8D0C764C-DCF1-429D-9C76-AC0B41E69C9A}.Release|Any CPU.Build.0 = Release|Any CPU
	EndGlobalSection
	GlobalSection(SolutionProperties) = preSolution
		HideSolutionNode = FALSE
	EndGlobalSection
	GlobalSection(NestedProjects) = preSolution
		{F3AB600D-66F4-4687-9398-9A4636538635} = {A4FED45A-E056-411A-AA09-892854932E27}
		{272EC5F4-8173-4F34-A197-67DDCB61F725} = {4E886EC2-0E52-4701-8F1A-C82BEAE293FC}
		{C1BB4FB4-C211-45CF-AE48-FE18B9496134} = {4E886EC2-0E52-4701-8F1A-C82BEAE293FC}
		{CEB26978-2ED4-4458-9C71-802B36AB58FF} = {70218493-8485-4950-83A9-48DC8256543B}
		{4B3C4DB8-5824-438E-A1B9-5FD7B31C4DA2} = {4E886EC2-0E52-4701-8F1A-C82BEAE293FC}
		{4BD3BC52-584B-4ED1-A80F-F5A2AC92F96C} = {4E886EC2-0E52-4701-8F1A-C82BEAE293FC}
		{6A700488-22DF-47FF-B498-D9704A83638B} = {4E886EC2-0E52-4701-8F1A-C82BEAE293FC}
		{8D0C764C-DCF1-429D-9C76-AC0B41E69C9A} = {4E886EC2-0E52-4701-8F1A-C82BEAE293FC}
	EndGlobalSection
	GlobalSection(ExtensibilityGlobals) = postSolution
		SolutionGuid = {297E7218-A7F0-42AB-98AD-5F973272021B}
	EndGlobalSection
EndGlobal
